
Microsoft Visual Studio Solution File, Format Version 12.00
# Visual Studio Version 17
VisualStudioVersion = 17.0.31903.59
MinimumVisualStudioVersion = 10.0.40219.1
Project("{9A19103F-16F7-4668-BE54-9A1E7A4F7556}") = "DataTestGenerator", "DataTestGenerator\DataTestGenerator.csproj", "{F31F06B2-9375-4345-A113-A449DF4AFA4E}"
EndProject
Project("{9A19103F-16F7-4668-BE54-9A1E7A4F7556}") = "DataTestGenerator.UnitTest", "DataTestGenerator.UnitTest\DataTestGenerator.UnitTest.csproj", "{5C65195B-5D62-4123-8D1D-72C3DC222FEA}"
EndProject
Project("{2150E333-8FDC-42A3-9474-1A3956D46DE8}") = "Solution Items", "Solution Items", "{93A9F139-666A-4929-981C-2B0A6C8EE03A}"
	ProjectSection(SolutionItems) = preProject
		.editorconfig = .editorconfig
		.gitattributes = .gitattributes
		.gitignore = .gitignore
		Directory.Build.props = Directory.Build.props
		Directory.Build.targets = Directory.Build.targets
		Directory.Packages.props = Directory.Packages.props
		global.json = global.json
	EndProjectSection
EndProject
Project("{9A19103F-16F7-4668-BE54-9A1E7A4F7556}") = "DataTestGenerator.XUnit", "DataTestGenerator.XUnit\DataTestGenerator.XUnit.csproj", "{9EBB5FA7-3F74-434A-A68D-49C3FE129E7D}"
EndProject
Project("{9A19103F-16F7-4668-BE54-9A1E7A4F7556}") = "DataTestGenerator.XUnit.UnitTest", "DataTestGenerator.XUnit.UnitTest\DataTestGenerator.XUnit.UnitTest.csproj", "{12E2BB44-EF66-4F4A-B22F-04172595E5A1}"
EndProject
Project("{2150E333-8FDC-42A3-9474-1A3956D46DE8}") = "workflows", "workflows", "{B72FDD38-99F5-44C9-8404-7FB8ACBBEC8A}"
	ProjectSection(SolutionItems) = preProject
		.github\workflows\build_release.yaml = .github\workflows\build_release.yaml
		.github\workflows\ci.yaml = .github\workflows\ci.yaml
		.github\workflows\publish_release.yaml = .github\workflows\publish_release.yaml
	EndProjectSection
EndProject
Project("{2150E333-8FDC-42A3-9474-1A3956D46DE8}") = "Documentation", "Documentation", "{4CBB3448-7402-4B71-A817-3BA4868E39A1}"
	ProjectSection(SolutionItems) = preProject
		README.md = README.md
	EndProjectSection
EndProject
Project("{2150E333-8FDC-42A3-9474-1A3956D46DE8}") = "docs", "docs", "{3ADB6CA5-B678-414B-B5E7-F13E7E42A550}"
	ProjectSection(SolutionItems) = preProject
		docs\contact-generator.md = docs\contact-generator.md
		docs\string-generator.md = docs\string-generator.md
	EndProjectSection
EndProject
Global
	GlobalSection(SolutionConfigurationPlatforms) = preSolution
		Debug|Any CPU = Debug|Any CPU
		Release|Any CPU = Release|Any CPU
	EndGlobalSection
	GlobalSection(ProjectConfigurationPlatforms) = postSolution
		{F31F06B2-9375-4345-A113-A449DF4AFA4E}.Debug|Any CPU.ActiveCfg = Debug|Any CPU
		{F31F06B2-9375-4345-A113-A449DF4AFA4E}.Debug|Any CPU.Build.0 = Debug|Any CPU
		{F31F06B2-9375-4345-A113-A449DF4AFA4E}.Release|Any CPU.ActiveCfg = Release|Any CPU
		{F31F06B2-9375-4345-A113-A449DF4AFA4E}.Release|Any CPU.Build.0 = Release|Any CPU
		{5C65195B-5D62-4123-8D1D-72C3DC222FEA}.Debug|Any CPU.ActiveCfg = Debug|Any CPU
		{5C65195B-5D62-4123-8D1D-72C3DC222FEA}.Debug|Any CPU.Build.0 = Debug|Any CPU
		{5C65195B-5D62-4123-8D1D-72C3DC222FEA}.Release|Any CPU.ActiveCfg = Release|Any CPU
		{5C65195B-5D62-4123-8D1D-72C3DC222FEA}.Release|Any CPU.Build.0 = Release|Any CPU
		{9EBB5FA7-3F74-434A-A68D-49C3FE129E7D}.Debug|Any CPU.ActiveCfg = Debug|Any CPU
		{9EBB5FA7-3F74-434A-A68D-49C3FE129E7D}.Debug|Any CPU.Build.0 = Debug|Any CPU
		{9EBB5FA7-3F74-434A-A68D-49C3FE129E7D}.Release|Any CPU.ActiveCfg = Release|Any CPU
		{9EBB5FA7-3F74-434A-A68D-49C3FE129E7D}.Release|Any CPU.Build.0 = Release|Any CPU
		{12E2BB44-EF66-4F4A-B22F-04172595E5A1}.Debug|Any CPU.ActiveCfg = Debug|Any CPU
		{12E2BB44-EF66-4F4A-B22F-04172595E5A1}.Debug|Any CPU.Build.0 = Debug|Any CPU
		{12E2BB44-EF66-4F4A-B22F-04172595E5A1}.Release|Any CPU.ActiveCfg = Release|Any CPU
		{12E2BB44-EF66-4F4A-B22F-04172595E5A1}.Release|Any CPU.Build.0 = Release|Any CPU
	EndGlobalSection
	GlobalSection(SolutionProperties) = preSolution
		HideSolutionNode = FALSE
	EndGlobalSection
	GlobalSection(NestedProjects) = preSolution
		{B72FDD38-99F5-44C9-8404-7FB8ACBBEC8A} = {93A9F139-666A-4929-981C-2B0A6C8EE03A}
		{3ADB6CA5-B678-414B-B5E7-F13E7E42A550} = {4CBB3448-7402-4B71-A817-3BA4868E39A1}
	EndGlobalSection
	GlobalSection(ExtensibilityGlobals) = postSolution
		SolutionGuid = {536B3E1F-2A10-427C-A431-59273C368B16}
	EndGlobalSection
EndGlobal
